GEM
  remote: https://rubygems.org/
  specs:
    gosu (1.4.6)
    sqlite3 (2.9.0-x64-mingw-ucrt)

PLATFORMS
  x64-mingw-ucrt

DEPENDENCIES
  gosu
  sqlite3

CHECKSUMS
  gosu (1.4.6) sha256=80c7fa48cf61f4960ef067fdd1c000d98b4adc8e11faeaa486543d00908a5c15
  sqlite3 (2.9.0-x64-mingw-ucrt) sha256=677333ebf8f496f7ffe89bf1e5f8c5331ffe83249228cb262cd896ce8d383da6

BUNDLED WITH
  4.0.3
